{
    "hash": "52df971275e373d3659e33a0cc8e481a",
    "packages": [

    ],
    "packages-dev": [
        {
            "name": "vierbergenlars/simpletest",
            "version": "v1.1.2",
            "source": {
                "type": "git",
                "url": "git://github.com/vierbergenlars/simpletest.git",
                "reference": "v1.1.2"
            },
            "dist": {
                "type": "zip",
                "url": "https://github.com/vierbergenlars/simpletest/zipball/v1.1.2",
                "reference": "v1.1.2",
                "shasum": ""
            },
            "require": {
                "php": ">=5"
            },
            "time": "2012-05-18 03:44:55",
            "type": "library",
            "autoload": {
                "classmap": [
                    ""
                ]
            },
            "notification-url": "https://packagist.org/downloads/",
            "license": [
                "LGPL"
            ],
            "authors": [
                {
                    "name": "Marcus Baker",
                    "homepage": "http://sourceforge.net/users/lastcraft"
                },
                {
                    "name": "Perrick Penet",
                    "homepage": "http://sourceforge.net/users/pp11"
                }
            ],
            "description": "Unit testing for PHP",
            "keywords": [
                "SimpleTest",
                "test",
                "testing",
                "unittest"
            ]
        }
    ],
    "aliases": [

    ],
    "minimum-stability": "stable",
    "stability-flags": [

    ]
}
